
Microsoft Visual Studio Solution File, Format Version 12.00
# Visual Studio Version 17
VisualStudioVersion = 17.13.35931.197 d17.13
MinimumVisualStudioVersion = 10.0.40219.1
Project("{FAE04EC0-301F-11D3-BF4B-00C04F79EFBC}") = "WpfBasicApp01", "WpfBasicApp01\WpfBasicApp01.csproj", "{4267C12A-68A6-4532-8B59-5667D21D0B7B}"
EndProject
Project("{FAE04EC0-301F-11D3-BF4B-00C04F79EFBC}") = "WpfBookRentalShop01", "WpfBookRentalShop01\WpfBookRentalShop01.csproj", "{C4F8E6C8-78B1-4866-9932-FFEC1C009F62}"
EndProject
Global
	GlobalSection(SolutionConfigurationPlatforms) = preSolution
		Debug|Any CPU = Debug|Any CPU
		Release|Any CPU = Release|Any CPU
	EndGlobalSection
	GlobalSection(ProjectConfigurationPlatforms) = postSolution
		{4267C12A-68A6-4532-8B59-5667D21D0B7B}.Debug|Any CPU.ActiveCfg = Debug|Any CPU
		{4267C12A-68A6-4532-8B59-5667D21D0B7B}.Debug|Any CPU.Build.0 = Debug|Any CPU
		{4267C12A-68A6-4532-8B59-5667D21D0B7B}.Release|Any CPU.ActiveCfg = Release|Any CPU
		{4267C12A-68A6-4532-8B59-5667D21D0B7B}.Release|Any CPU.Build.0 = Release|Any CPU
		{C4F8E6C8-78B1-4866-9932-FFEC1C009F62}.Debug|Any CPU.ActiveCfg = Debug|Any CPU
		{C4F8E6C8-78B1-4866-9932-FFEC1C009F62}.Debug|Any CPU.Build.0 = Debug|Any CPU
		{C4F8E6C8-78B1-4866-9932-FFEC1C009F62}.Release|Any CPU.ActiveCfg = Release|Any CPU
		{C4F8E6C8-78B1-4866-9932-FFEC1C009F62}.Release|Any CPU.Build.0 = Release|Any CPU
	EndGlobalSection
	GlobalSection(SolutionProperties) = preSolution
		HideSolutionNode = FALSE
	EndGlobalSection
	GlobalSection(ExtensibilityGlobals) = postSolution
		SolutionGuid = {36919DE2-BF76-411A-A475-AF6C7C44E1EC}
	EndGlobalSection
EndGlobal
